
Microsoft Visual Studio Solution File, Format Version 12.00
# Visual Studio 15
VisualStudioVersion = 15.0.28307.438
MinimumVisualStudioVersion = 10.0.40219.1
Project("{FAE04EC0-301F-11D3-BF4B-00C04F79EFBC}") = "MoviesMobileApp.Android", "MoviesMobileApp\MoviesMobileApp.Android\MoviesMobileApp.Android.csproj", "{85D13C36-8B48-4115-8957-52BADECDC26A}"
EndProject
Project("{FAE04EC0-301F-11D3-BF4B-00C04F79EFBC}") = "MoviesMobileApp.iOS", "MoviesMobileApp\MoviesMobileApp.iOS\MoviesMobileApp.iOS.csproj", "{BCA6D106-A792-4FD6-857C-AFDCDF4D86BC}"
EndProject
Project("{9A19103F-16F7-4668-BE54-9A1E7A4F7556}") = "MoviesMobileApp", "MoviesMobileApp\MoviesMobileApp\MoviesMobileApp.csproj", "{C72D484F-8ADE-4DAD-BCB1-A014EE602AB5}"
EndProject
Project("{2150E333-8FDC-42A3-9474-1A3956D46DE8}") = "Test", "Test", "{810190A4-BD8F-4B3F-9013-A98B0B8B5503}"
EndProject
Project("{9A19103F-16F7-4668-BE54-9A1E7A4F7556}") = "TMDb.Test", "TMDb.Test\TMDb.Test\TMDb.Test.csproj", "{26137D1D-66FE-49CD-A11C-DD4ACAA66E0E}"
EndProject
Project("{2150E333-8FDC-42A3-9474-1A3956D46DE8}") = "Framework", "Framework", "{4DA2DD54-E0D1-485A-9726-6962C95DAD69}"
EndProject
Project("{9A19103F-16F7-4668-BE54-9A1E7A4F7556}") = "ML.Framework", "..\ML.Framework\ML.Framework.csproj", "{8F03C0F4-4209-49DE-9C5E-AEB42EDDF506}"
EndProject
Global
	GlobalSection(SolutionConfigurationPlatforms) = preSolution
		Ad-Hoc|Any CPU = Ad-Hoc|Any CPU
		Ad-Hoc|iPhone = Ad-Hoc|iPhone
		Ad-Hoc|iPhoneSimulator = Ad-Hoc|iPhoneSimulator
		AppStore|Any CPU = AppStore|Any CPU
		AppStore|iPhone = AppStore|iPhone
		AppStore|iPhoneSimulator = AppStore|iPhoneSimulator
		Debug|Any CPU = Debug|Any CPU
		Debug|iPhone = Debug|iPhone
		Debug|iPhoneSimulator = Debug|iPhoneSimulator
		Release|Any CPU = Release|Any CPU
		Release|iPhone = Release|iPhone
		Release|iPhoneSimulator = Release|iPhoneSimulator
	EndGlobalSection
	GlobalSection(ProjectConfigurationPlatforms) = postSolution
		{85D13C36-8B48-4115-8957-52BADECDC26A}.Ad-Hoc|Any CPU.ActiveCfg = Release|Any CPU
		{85D13C36-8B48-4115-8957-52BADECDC26A}.Ad-Hoc|Any CPU.Build.0 = Release|Any CPU
		{85D13C36-8B48-4115-8957-52BADECDC26A}.Ad-Hoc|Any CPU.Deploy.0 = Release|Any CPU
		{85D13C36-8B48-4115-8957-52BADECDC26A}.Ad-Hoc|iPhone.ActiveCfg = Release|Any CPU
		{85D13C36-8B48-4115-8957-52BADECDC26A}.Ad-Hoc|iPhone.Build.0 = Release|Any CPU
		{85D13C36-8B48-4115-8957-52BADECDC26A}.Ad-Hoc|iPhone.Deploy.0 = Release|Any CPU
		{85D13C36-8B48-4115-8957-52BADECDC26A}.Ad-Hoc|iPhoneSimulator.ActiveCfg = Release|Any CPU
		{85D13C36-8B48-4115-8957-52BADECDC26A}.Ad-Hoc|iPhoneSimulator.Build.0 = Release|Any CPU
		{85D13C36-8B48-4115-8957-52BADECDC26A}.Ad-Hoc|iPhoneSimulator.Deploy.0 = Release|Any CPU
		{85D13C36-8B48-4115-8957-52BADECDC26A}.AppStore|Any CPU.ActiveCfg = Release|Any CPU
		{85D13C36-8B48-4115-8957-52BADECDC26A}.AppStore|Any CPU.Build.0 = Release|Any CPU
		{85D13C36-8B48-4115-8957-52BADECDC26A}.AppStore|Any CPU.Deploy.0 = Release|Any CPU
		{85D13C36-8B48-4115-8957-52BADECDC26A}.AppStore|iPhone.ActiveCfg = Release|Any CPU
		{85D13C36-8B48-4115-8957-52BADECDC26A}.AppStore|iPhone.Build.0 = Release|Any CPU
		{85D13C36-8B48-4115-8957-52BADECDC26A}.AppStore|iPhone.Deploy.0 = Release|Any CPU
		{85D13C36-8B48-4115-8957-52BADECDC26A}.AppStore|iPhoneSimulator.ActiveCfg = Release|Any CPU
		{85D13C36-8B48-4115-8957-52BADECDC26A}.AppStore|iPhoneSimulator.Build.0 = Release|Any CPU
		{85D13C36-8B48-4115-8957-52BADECDC26A}.AppStore|iPhoneSimulator.Deploy.0 = Release|Any CPU
		{85D13C36-8B48-4115-8957-52BADECDC26A}.Debug|Any CPU.ActiveCfg = Debug|Any CPU
		{85D13C36-8B48-4115-8957-52BADECDC26A}.Debug|Any CPU.Build.0 = Debug|Any CPU
		{85D13C36-8B48-4115-8957-52BADECDC26A}.Debug|Any CPU.Deploy.0 = Debug|Any CPU
		{85D13C36-8B48-4115-8957-52BADECDC26A}.Debug|iPhone.ActiveCfg = Debug|Any CPU
		{85D13C36-8B48-4115-8957-52BADECDC26A}.Debug|iPhone.Build.0 = Debug|Any CPU
		{85D13C36-8B48-4115-8957-52BADECDC26A}.Debug|iPhone.Deploy.0 = Debug|Any CPU
		{85D13C36-8B48-4115-8957-52BADECDC26A}.Debug|iPhoneSimulator.ActiveCfg = Debug|Any CPU
		{85D13C36-8B48-4115-8957-52BADECDC26A}.Debug|iPhoneSimulator.Build.0 = Debug|Any CPU
		{85D13C36-8B48-4115-8957-52BADECDC26A}.Debug|iPhoneSimulator.Deploy.0 = Debug|Any CPU
		{85D13C36-8B48-4115-8957-52BADECDC26A}.Release|Any CPU.ActiveCfg = Release|Any CPU
		{85D13C36-8B48-4115-8957-52BADECDC26A}.Release|Any CPU.Build.0 = Release|Any CPU
		{85D13C36-8B48-4115-8957-52BADECDC26A}.Release|Any CPU.Deploy.0 = Release|Any CPU
		{85D13C36-8B48-4115-8957-52BADECDC26A}.Release|iPhone.ActiveCfg = Release|Any CPU
		{85D13C36-8B48-4115-8957-52BADECDC26A}.Release|iPhone.Build.0 = Release|Any CPU
		{85D13C36-8B48-4115-8957-52BADECDC26A}.Release|iPhone.Deploy.0 = Release|Any CPU
		{85D13C36-8B48-4115-8957-52BADECDC26A}.Release|iPhoneSimulator.ActiveCfg = Release|Any CPU
		{85D13C36-8B48-4115-8957-52BADECDC26A}.Release|iPhoneSimulator.Build.0 = Release|Any CPU
		{85D13C36-8B48-4115-8957-52BADECDC26A}.Release|iPhoneSimulator.Deploy.0 = Release|Any CPU
		{BCA6D106-A792-4FD6-857C-AFDCDF4D86BC}.Ad-Hoc|Any CPU.ActiveCfg = Ad-Hoc|iPhone
		{BCA6D106-A792-4FD6-857C-AFDCDF4D86BC}.Ad-Hoc|Any CPU.Build.0 = Ad-Hoc|iPhone
		{BCA6D106-A792-4FD6-857C-AFDCDF4D86BC}.Ad-Hoc|Any CPU.Deploy.0 = Ad-Hoc|iPhone
		{BCA6D106-A792-4FD6-857C-AFDCDF4D86BC}.Ad-Hoc|iPhone.ActiveCfg = Ad-Hoc|iPhone
		{BCA6D106-A792-4FD6-857C-AFDCDF4D86BC}.Ad-Hoc|iPhone.Build.0 = Ad-Hoc|iPhone
		{BCA6D106-A792-4FD6-857C-AFDCDF4D86BC}.Ad-Hoc|iPhone.Deploy.0 = Ad-Hoc|iPhone
		{BCA6D106-A792-4FD6-857C-AFDCDF4D86BC}.Ad-Hoc|iPhoneSimulator.ActiveCfg = Ad-Hoc|iPhoneSimulator
		{BCA6D106-A792-4FD6-857C-AFDCDF4D86BC}.Ad-Hoc|iPhoneSimulator.Build.0 = Ad-Hoc|iPhoneSimulator
		{BCA6D106-A792-4FD6-857C-AFDCDF4D86BC}.Ad-Hoc|iPhoneSimulator.Deploy.0 = Ad-Hoc|iPhoneSimulator
		{BCA6D106-A792-4FD6-857C-AFDCDF4D86BC}.AppStore|Any CPU.ActiveCfg = AppStore|iPhone
		{BCA6D106-A792-4FD6-857C-AFDCDF4D86BC}.AppStore|Any CPU.Build.0 = AppStore|iPhone
		{BCA6D106-A792-4FD6-857C-AFDCDF4D86BC}.AppStore|Any CPU.Deploy.0 = AppStore|iPhone
		{BCA6D106-A792-4FD6-857C-AFDCDF4D86BC}.AppStore|iPhone.ActiveCfg = AppStore|iPhone
		{BCA6D106-A792-4FD6-857C-AFDCDF4D86BC}.AppStore|iPhone.Build.0 = AppStore|iPhone
		{BCA6D106-A792-4FD6-857C-AFDCDF4D86BC}.AppStore|iPhone.Deploy.0 = AppStore|iPhone
		{BCA6D106-A792-4FD6-857C-AFDCDF4D86BC}.AppStore|iPhoneSimulator.ActiveCfg = AppStore|iPhoneSimulator
		{BCA6D106-A792-4FD6-857C-AFDCDF4D86BC}.AppStore|iPhoneSimulator.Build.0 = AppStore|iPhoneSimulator
		{BCA6D106-A792-4FD6-857C-AFDCDF4D86BC}.AppStore|iPhoneSimulator.Deploy.0 = AppStore|iPhoneSimulator
		{BCA6D106-A792-4FD6-857C-AFDCDF4D86BC}.Debug|Any CPU.ActiveCfg = Debug|iPhoneSimulator
		{BCA6D106-A792-4FD6-857C-AFDCDF4D86BC}.Debug|Any CPU.Build.0 = Debug|iPhoneSimulator
		{BCA6D106-A792-4FD6-857C-AFDCDF4D86BC}.Debug|Any CPU.Deploy.0 = Debug|iPhoneSimulator
		{BCA6D106-A792-4FD6-857C-AFDCDF4D86BC}.Debug|iPhone.ActiveCfg = Debug|iPhone
		{BCA6D106-A792-4FD6-857C-AFDCDF4D86BC}.Debug|iPhone.Build.0 = Debug|iPhone
		{BCA6D106-A792-4FD6-857C-AFDCDF4D86BC}.Debug|iPhone.Deploy.0 = Debug|iPhone
		{BCA6D106-A792-4FD6-857C-AFDCDF4D86BC}.Debug|iPhoneSimulator.ActiveCfg = Debug|iPhoneSimulator
		{BCA6D106-A792-4FD6-857C-AFDCDF4D86BC}.Debug|iPhoneSimulator.Build.0 = Debug|iPhoneSimulator
		{BCA6D106-A792-4FD6-857C-AFDCDF4D86BC}.Debug|iPhoneSimulator.Deploy.0 = Debug|iPhoneSimulator
		{BCA6D106-A792-4FD6-857C-AFDCDF4D86BC}.Release|Any CPU.ActiveCfg = Release|iPhone
		{BCA6D106-A792-4FD6-857C-AFDCDF4D86BC}.Release|Any CPU.Build.0 = Release|iPhone
		{BCA6D106-A792-4FD6-857C-AFDCDF4D86BC}.Release|Any CPU.Deploy.0 = Release|iPhone
		{BCA6D106-A792-4FD6-857C-AFDCDF4D86BC}.Release|iPhone.ActiveCfg = Release|iPhone
		{BCA6D106-A792-4FD6-857C-AFDCDF4D86BC}.Release|iPhone.Build.0 = Release|iPhone
		{BCA6D106-A792-4FD6-857C-AFDCDF4D86BC}.Release|iPhone.Deploy.0 = Release|iPhone
		{BCA6D106-A792-4FD6-857C-AFDCDF4D86BC}.Release|iPhoneSimulator.ActiveCfg = Release|iPhoneSimulator
		{BCA6D106-A792-4FD6-857C-AFDCDF4D86BC}.Release|iPhoneSimulator.Build.0 = Release|iPhoneSimulator
		{BCA6D106-A792-4FD6-857C-AFDCDF4D86BC}.Release|iPhoneSimulator.Deploy.0 = Release|iPhoneSimulator
		{C72D484F-8ADE-4DAD-BCB1-A014EE602AB5}.Ad-Hoc|Any CPU.ActiveCfg = Debug|Any CPU
		{C72D484F-8ADE-4DAD-BCB1-A014EE602AB5}.Ad-Hoc|Any CPU.Build.0 = Debug|Any CPU
		{C72D484F-8ADE-4DAD-BCB1-A014EE602AB5}.Ad-Hoc|Any CPU.Deploy.0 = Debug|Any CPU
		{C72D484F-8ADE-4DAD-BCB1-A014EE602AB5}.Ad-Hoc|iPhone.ActiveCfg = Debug|Any CPU
		{C72D484F-8ADE-4DAD-BCB1-A014EE602AB5}.Ad-Hoc|iPhone.Build.0 = Debug|Any CPU
		{C72D484F-8ADE-4DAD-BCB1-A014EE602AB5}.Ad-Hoc|iPhone.Deploy.0 = Debug|Any CPU
		{C72D484F-8ADE-4DAD-BCB1-A014EE602AB5}.Ad-Hoc|iPhoneSimulator.ActiveCfg = Debug|Any CPU
		{C72D484F-8ADE-4DAD-BCB1-A014EE602AB5}.Ad-Hoc|iPhoneSimulator.Build.0 = Debug|Any CPU
		{C72D484F-8ADE-4DAD-BCB1-A014EE602AB5}.Ad-Hoc|iPhoneSimulator.Deploy.0 = Debug|Any CPU
		{C72D484F-8ADE-4DAD-BCB1-A014EE602AB5}.AppStore|Any CPU.ActiveCfg = Debug|Any CPU
		{C72D484F-8ADE-4DAD-BCB1-A014EE602AB5}.AppStore|Any CPU.Build.0 = Debug|Any CPU
		{C72D484F-8ADE-4DAD-BCB1-A014EE602AB5}.AppStore|Any CPU.Deploy.0 = Debug|Any CPU
		{C72D484F-8ADE-4DAD-BCB1-A014EE602AB5}.AppStore|iPhone.ActiveCfg = Debug|Any CPU
		{C72D484F-8ADE-4DAD-BCB1-A014EE602AB5}.AppStore|iPhone.Build.0 = Debug|Any CPU
		{C72D484F-8ADE-4DAD-BCB1-A014EE602AB5}.AppStore|iPhone.Deploy.0 = Debug|Any CPU
		{C72D484F-8ADE-4DAD-BCB1-A014EE602AB5}.AppStore|iPhoneSimulator.ActiveCfg = Debug|Any CPU
		{C72D484F-8ADE-4DAD-BCB1-A014EE602AB5}.AppStore|iPhoneSimulator.Build.0 = Debug|Any CPU
		{C72D484F-8ADE-4DAD-BCB1-A014EE602AB5}.AppStore|iPhoneSimulator.Deploy.0 = Debug|Any CPU
		{C72D484F-8ADE-4DAD-BCB1-A014EE602AB5}.Debug|Any CPU.ActiveCfg = Debug|Any CPU
		{C72D484F-8ADE-4DAD-BCB1-A014EE602AB5}.Debug|Any CPU.Build.0 = Debug|Any CPU
		{C72D484F-8ADE-4DAD-BCB1-A014EE602AB5}.Debug|Any CPU.Deploy.0 = Debug|Any CPU
		{C72D484F-8ADE-4DAD-BCB1-A014EE602AB5}.Debug|iPhone.ActiveCfg = Debug|Any CPU
		{C72D484F-8ADE-4DAD-BCB1-A014EE602AB5}.Debug|iPhone.Build.0 = Debug|Any CPU
		{C72D484F-8ADE-4DAD-BCB1-A014EE602AB5}.Debug|iPhone.Deploy.0 = Debug|Any CPU
		{C72D484F-8ADE-4DAD-BCB1-A014EE602AB5}.Debug|iPhoneSimulator.ActiveCfg = Debug|Any CPU
		{C72D484F-8ADE-4DAD-BCB1-A014EE602AB5}.Debug|iPhoneSimulator.Build.0 = Debug|Any CPU
		{C72D484F-8ADE-4DAD-BCB1-A014EE602AB5}.Debug|iPhoneSimulator.Deploy.0 = Debug|Any CPU
		{C72D484F-8ADE-4DAD-BCB1-A014EE602AB5}.Release|Any CPU.ActiveCfg = Release|Any CPU
		{C72D484F-8ADE-4DAD-BCB1-A014EE602AB5}.Release|Any CPU.Build.0 = Release|Any CPU
		{C72D484F-8ADE-4DAD-BCB1-A014EE602AB5}.Release|Any CPU.Deploy.0 = Release|Any CPU
		{C72D484F-8ADE-4DAD-BCB1-A014EE602AB5}.Release|iPhone.ActiveCfg = Release|Any CPU
		{C72D484F-8ADE-4DAD-BCB1-A014EE602AB5}.Release|iPhone.Build.0 = Release|Any CPU
		{C72D484F-8ADE-4DAD-BCB1-A014EE602AB5}.Release|iPhone.Deploy.0 = Release|Any CPU
		{C72D484F-8ADE-4DAD-BCB1-A014EE602AB5}.Release|iPhoneSimulator.ActiveCfg = Release|Any CPU
		{C72D484F-8ADE-4DAD-BCB1-A014EE602AB5}.Release|iPhoneSimulator.Build.0 = Release|Any CPU
		{C72D484F-8ADE-4DAD-BCB1-A014EE602AB5}.Release|iPhoneSimulator.Deploy.0 = Release|Any CPU
		{26137D1D-66FE-49CD-A11C-DD4ACAA66E0E}.Ad-Hoc|Any CPU.ActiveCfg = Debug|Any CPU
		{26137D1D-66FE-49CD-A11C-DD4ACAA66E0E}.Ad-Hoc|Any CPU.Build.0 = Debug|Any CPU
		{26137D1D-66FE-49CD-A11C-DD4ACAA66E0E}.Ad-Hoc|iPhone.ActiveCfg = Debug|Any CPU
		{26137D1D-66FE-49CD-A11C-DD4ACAA66E0E}.Ad-Hoc|iPhone.Build.0 = Debug|Any CPU
		{26137D1D-66FE-49CD-A11C-DD4ACAA66E0E}.Ad-Hoc|iPhoneSimulator.ActiveCfg = Debug|Any CPU
		{26137D1D-66FE-49CD-A11C-DD4ACAA66E0E}.Ad-Hoc|iPhoneSimulator.Build.0 = Debug|Any CPU
		{26137D1D-66FE-49CD-A11C-DD4ACAA66E0E}.AppStore|Any CPU.ActiveCfg = Debug|Any CPU
		{26137D1D-66FE-49CD-A11C-DD4ACAA66E0E}.AppStore|Any CPU.Build.0 = Debug|Any CPU
		{26137D1D-66FE-49CD-A11C-DD4ACAA66E0E}.AppStore|iPhone.ActiveCfg = Debug|Any CPU
		{26137D1D-66FE-49CD-A11C-DD4ACAA66E0E}.AppStore|iPhone.Build.0 = Debug|Any CPU
		{26137D1D-66FE-49CD-A11C-DD4ACAA66E0E}.AppStore|iPhoneSimulator.ActiveCfg = Debug|Any CPU
		{26137D1D-66FE-49CD-A11C-DD4ACAA66E0E}.AppStore|iPhoneSimulator.Build.0 = Debug|Any CPU
		{26137D1D-66FE-49CD-A11C-DD4ACAA66E0E}.Debug|Any CPU.ActiveCfg = Debug|Any CPU
		{26137D1D-66FE-49CD-A11C-DD4ACAA66E0E}.Debug|Any CPU.Build.0 = Debug|Any CPU
		{26137D1D-66FE-49CD-A11C-DD4ACAA66E0E}.Debug|iPhone.ActiveCfg = Debug|Any CPU
		{26137D1D-66FE-49CD-A11C-DD4ACAA66E0E}.Debug|iPhone.Build.0 = Debug|Any CPU
		{26137D1D-66FE-49CD-A11C-DD4ACAA66E0E}.Debug|iPhoneSimulator.ActiveCfg = Debug|Any CPU
		{26137D1D-66FE-49CD-A11C-DD4ACAA66E0E}.Debug|iPhoneSimulator.Build.0 = Debug|Any CPU
		{26137D1D-66FE-49CD-A11C-DD4ACAA66E0E}.Release|Any CPU.ActiveCfg = Release|Any CPU
		{26137D1D-66FE-49CD-A11C-DD4ACAA66E0E}.Release|Any CPU.Build.0 = Release|Any CPU
		{26137D1D-66FE-49CD-A11C-DD4ACAA66E0E}.Release|iPhone.ActiveCfg = Release|Any CPU
		{26137D1D-66FE-49CD-A11C-DD4ACAA66E0E}.Release|iPhone.Build.0 = Release|Any CPU
		{26137D1D-66FE-49CD-A11C-DD4ACAA66E0E}.Release|iPhoneSimulator.ActiveCfg = Release|Any CPU
		{26137D1D-66FE-49CD-A11C-DD4ACAA66E0E}.Release|iPhoneSimulator.Build.0 = Release|Any CPU
		{8F03C0F4-4209-49DE-9C5E-AEB42EDDF506}.Ad-Hoc|Any CPU.ActiveCfg = Debug|Any CPU
		{8F03C0F4-4209-49DE-9C5E-AEB42EDDF506}.Ad-Hoc|Any CPU.Build.0 = Debug|Any CPU
		{8F03C0F4-4209-49DE-9C5E-AEB42EDDF506}.Ad-Hoc|iPhone.ActiveCfg = Debug|Any CPU
		{8F03C0F4-4209-49DE-9C5E-AEB42EDDF506}.Ad-Hoc|iPhone.Build.0 = Debug|Any CPU
		{8F03C0F4-4209-49DE-9C5E-AEB42EDDF506}.Ad-Hoc|iPhoneSimulator.ActiveCfg = Debug|Any CPU
		{8F03C0F4-4209-49DE-9C5E-AEB42EDDF506}.Ad-Hoc|iPhoneSimulator.Build.0 = Debug|Any CPU
		{8F03C0F4-4209-49DE-9C5E-AEB42EDDF506}.AppStore|Any CPU.ActiveCfg = Debug|Any CPU
		{8F03C0F4-4209-49DE-9C5E-AEB42EDDF506}.AppStore|Any CPU.Build.0 = Debug|Any CPU
		{8F03C0F4-4209-49DE-9C5E-AEB42EDDF506}.AppStore|iPhone.ActiveCfg = Debug|Any CPU
		{8F03C0F4-4209-49DE-9C5E-AEB42EDDF506}.AppStore|iPhone.Build.0 = Debug|Any CPU
		{8F03C0F4-4209-49DE-9C5E-AEB42EDDF506}.AppStore|iPhoneSimulator.ActiveCfg = Debug|Any CPU
		{8F03C0F4-4209-49DE-9C5E-AEB42EDDF506}.AppStore|iPhoneSimulator.Build.0 = Debug|Any CPU
		{8F03C0F4-4209-49DE-9C5E-AEB42EDDF506}.Debug|Any CPU.ActiveCfg = Debug|Any CPU
		{8F03C0F4-4209-49DE-9C5E-AEB42EDDF506}.Debug|Any CPU.Build.0 = Debug|Any CPU
		{8F03C0F4-4209-49DE-9C5E-AEB42EDDF506}.Debug|iPhone.ActiveCfg = Debug|Any CPU
		{8F03C0F4-4209-49DE-9C5E-AEB42EDDF506}.Debug|iPhone.Build.0 = Debug|Any CPU
		{8F03C0F4-4209-49DE-9C5E-AEB42EDDF506}.Debug|iPhoneSimulator.ActiveCfg = Debug|Any CPU
		{8F03C0F4-4209-49DE-9C5E-AEB42EDDF506}.Debug|iPhoneSimulator.Build.0 = Debug|Any CPU
		{8F03C0F4-4209-49DE-9C5E-AEB42EDDF506}.Release|Any CPU.ActiveCfg = Release|Any CPU
		{8F03C0F4-4209-49DE-9C5E-AEB42EDDF506}.Release|Any CPU.Build.0 = Release|Any CPU
		{8F03C0F4-4209-49DE-9C5E-AEB42EDDF506}.Release|iPhone.ActiveCfg = Release|Any CPU
		{8F03C0F4-4209-49DE-9C5E-AEB42EDDF506}.Release|iPhone.Build.0 = Release|Any CPU
		{8F03C0F4-4209-49DE-9C5E-AEB42EDDF506}.Release|iPhoneSimulator.ActiveCfg = Release|Any CPU
		{8F03C0F4-4209-49DE-9C5E-AEB42EDDF506}.Release|iPhoneSimulator.Build.0 = Release|Any CPU
	EndGlobalSection
	GlobalSection(SolutionProperties) = preSolution
		HideSolutionNode = FALSE
	EndGlobalSection
	GlobalSection(NestedProjects) = preSolution
		{26137D1D-66FE-49CD-A11C-DD4ACAA66E0E} = {810190A4-BD8F-4B3F-9013-A98B0B8B5503}
		{8F03C0F4-4209-49DE-9C5E-AEB42EDDF506} = {4DA2DD54-E0D1-485A-9726-6962C95DAD69}
	EndGlobalSection
	GlobalSection(ExtensibilityGlobals) = postSolution
		SolutionGuid = {FD165E41-888D-4F23-99FC-6C27A3EEC181}
	EndGlobalSection
EndGlobal
